
Microsoft Visual Studio Solution File, Format Version 12.00
# Visual Studio Version 18
VisualStudioVersion = 18.0.11222.15 d18.0
MinimumVisualStudioVersion = 10.0.40219.1
Project("{2150E333-8FDC-42A3-9474-1A3956D46DE8}") = "src", "src", "{827E0CD3-B72D-47B6-A68D-7590B98EB39B}"
EndProject
Project("{2150E333-8FDC-42A3-9474-1A3956D46DE8}") = "test", "test", "{0C88DD14-F956-CE84-757C-A364CCF449FC}"
EndProject
Project("{FAE04EC0-301F-11D3-BF4B-00C04F79EFBC}") = "Peers.Core", "src\Peers.Core\Peers.Core.csproj", "{41B991C4-3909-0EE4-4832-14D9E0502BE8}"
EndProject
Project("{FAE04EC0-301F-11D3-BF4B-00C04F79EFBC}") = "Peers.Modules", "src\Peers.Modules\Peers.Modules.csproj", "{8B995D58-3FEC-FD3C-C4FD-564407AA68E7}"
EndProject
Project("{FAE04EC0-301F-11D3-BF4B-00C04F79EFBC}") = "Peers.Resources", "src\Peers.Resources\Peers.Resources.csproj", "{E95929F5-8E84-0236-F789-90F091D8A0BF}"
EndProject
Project("{FAE04EC0-301F-11D3-BF4B-00C04F79EFBC}") = "Peers.Api.Test", "test\Peers.Api.Test\Peers.Api.Test.csproj", "{07779EB4-F981-86DC-9E4E-238FDCEB2A6D}"
EndProject
Project("{FAE04EC0-301F-11D3-BF4B-00C04F79EFBC}") = "Peers.Core.Test", "test\Peers.Core.Test\Peers.Core.Test.csproj", "{6EF84BE6-6C89-C991-31AA-38B5118283B1}"
EndProject
Project("{FAE04EC0-301F-11D3-BF4B-00C04F79EFBC}") = "Peers.Modules.Test", "test\Peers.Modules.Test\Peers.Modules.Test.csproj", "{0C0601E2-AB9E-494A-2B5D-84D2A8787470}"
EndProject
Project("{54A90642-561A-4BB1-A94E-469ADEE60C69}") = "peers.api.client", "src\peers.api.client\peers.api.client.esproj", "{B00604D6-BE82-0890-CFB0-C0B562ACD986}"
EndProject
Project("{FAE04EC0-301F-11D3-BF4B-00C04F79EFBC}") = "Peers.Api", "src\Peers.Api\Peers.Api.csproj", "{A908E715-5D8C-4681-B4A7-5158E6D52AAA}"
EndProject
Project("{FAE04EC0-301F-11D3-BF4B-00C04F79EFBC}") = "NafathProxy", "src\NafathProxy\NafathProxy.csproj", "{76E5A2A7-A5B4-A4E6-5C4A-372B5736ADFE}"
EndProject
Global
	GlobalSection(SolutionConfigurationPlatforms) = preSolution
		Debug|Any CPU = Debug|Any CPU
		Release|Any CPU = Release|Any CPU
	EndGlobalSection
	GlobalSection(ProjectConfigurationPlatforms) = postSolution
		{41B991C4-3909-0EE4-4832-14D9E0502BE8}.Debug|Any CPU.ActiveCfg = Debug|Any CPU
		{41B991C4-3909-0EE4-4832-14D9E0502BE8}.Debug|Any CPU.Build.0 = Debug|Any CPU
		{41B991C4-3909-0EE4-4832-14D9E0502BE8}.Release|Any CPU.ActiveCfg = Release|Any CPU
		{41B991C4-3909-0EE4-4832-14D9E0502BE8}.Release|Any CPU.Build.0 = Release|Any CPU
		{8B995D58-3FEC-FD3C-C4FD-564407AA68E7}.Debug|Any CPU.ActiveCfg = Debug|Any CPU
		{8B995D58-3FEC-FD3C-C4FD-564407AA68E7}.Debug|Any CPU.Build.0 = Debug|Any CPU
		{8B995D58-3FEC-FD3C-C4FD-564407AA68E7}.Release|Any CPU.ActiveCfg = Release|Any CPU
		{8B995D58-3FEC-FD3C-C4FD-564407AA68E7}.Release|Any CPU.Build.0 = Release|Any CPU
		{E95929F5-8E84-0236-F789-90F091D8A0BF}.Debug|Any CPU.ActiveCfg = Debug|Any CPU
		{E95929F5-8E84-0236-F789-90F091D8A0BF}.Debug|Any CPU.Build.0 = Debug|Any CPU
		{E95929F5-8E84-0236-F789-90F091D8A0BF}.Release|Any CPU.ActiveCfg = Release|Any CPU
		{E95929F5-8E84-0236-F789-90F091D8A0BF}.Release|Any CPU.Build.0 = Release|Any CPU
		{07779EB4-F981-86DC-9E4E-238FDCEB2A6D}.Debug|Any CPU.ActiveCfg = Debug|Any CPU
		{07779EB4-F981-86DC-9E4E-238FDCEB2A6D}.Debug|Any CPU.Build.0 = Debug|Any CPU
		{07779EB4-F981-86DC-9E4E-238FDCEB2A6D}.Release|Any CPU.ActiveCfg = Release|Any CPU
		{07779EB4-F981-86DC-9E4E-238FDCEB2A6D}.Release|Any CPU.Build.0 = Release|Any CPU
		{6EF84BE6-6C89-C991-31AA-38B5118283B1}.Debug|Any CPU.ActiveCfg = Debug|Any CPU
		{6EF84BE6-6C89-C991-31AA-38B5118283B1}.Debug|Any CPU.Build.0 = Debug|Any CPU
		{6EF84BE6-6C89-C991-31AA-38B5118283B1}.Release|Any CPU.ActiveCfg = Release|Any CPU
		{6EF84BE6-6C89-C991-31AA-38B5118283B1}.Release|Any CPU.Build.0 = Release|Any CPU
		{0C0601E2-AB9E-494A-2B5D-84D2A8787470}.Debug|Any CPU.ActiveCfg = Debug|Any CPU
		{0C0601E2-AB9E-494A-2B5D-84D2A8787470}.Debug|Any CPU.Build.0 = Debug|Any CPU
		{0C0601E2-AB9E-494A-2B5D-84D2A8787470}.Release|Any CPU.ActiveCfg = Release|Any CPU
		{0C0601E2-AB9E-494A-2B5D-84D2A8787470}.Release|Any CPU.Build.0 = Release|Any CPU
		{B00604D6-BE82-0890-CFB0-C0B562ACD986}.Debug|Any CPU.ActiveCfg = Debug|Any CPU
		{B00604D6-BE82-0890-CFB0-C0B562ACD986}.Debug|Any CPU.Build.0 = Debug|Any CPU
		{B00604D6-BE82-0890-CFB0-C0B562ACD986}.Debug|Any CPU.Deploy.0 = Debug|Any CPU
		{B00604D6-BE82-0890-CFB0-C0B562ACD986}.Release|Any CPU.ActiveCfg = Release|Any CPU
		{B00604D6-BE82-0890-CFB0-C0B562ACD986}.Release|Any CPU.Build.0 = Release|Any CPU
		{B00604D6-BE82-0890-CFB0-C0B562ACD986}.Release|Any CPU.Deploy.0 = Release|Any CPU
		{A908E715-5D8C-4681-B4A7-5158E6D52AAA}.Debug|Any CPU.ActiveCfg = Debug|Any CPU
		{A908E715-5D8C-4681-B4A7-5158E6D52AAA}.Debug|Any CPU.Build.0 = Debug|Any CPU
		{A908E715-5D8C-4681-B4A7-5158E6D52AAA}.Release|Any CPU.ActiveCfg = Release|Any CPU
		{A908E715-5D8C-4681-B4A7-5158E6D52AAA}.Release|Any CPU.Build.0 = Release|Any CPU
		{76E5A2A7-A5B4-A4E6-5C4A-372B5736ADFE}.Debug|Any CPU.ActiveCfg = Debug|Any CPU
		{76E5A2A7-A5B4-A4E6-5C4A-372B5736ADFE}.Debug|Any CPU.Build.0 = Debug|Any CPU
		{76E5A2A7-A5B4-A4E6-5C4A-372B5736ADFE}.Release|Any CPU.ActiveCfg = Release|Any CPU
		{76E5A2A7-A5B4-A4E6-5C4A-372B5736ADFE}.Release|Any CPU.Build.0 = Release|Any CPU
	EndGlobalSection
	GlobalSection(SolutionProperties) = preSolution
		HideSolutionNode = FALSE
	EndGlobalSection
	GlobalSection(NestedProjects) = preSolution
		{41B991C4-3909-0EE4-4832-14D9E0502BE8} = {827E0CD3-B72D-47B6-A68D-7590B98EB39B}
		{8B995D58-3FEC-FD3C-C4FD-564407AA68E7} = {827E0CD3-B72D-47B6-A68D-7590B98EB39B}
		{E95929F5-8E84-0236-F789-90F091D8A0BF} = {827E0CD3-B72D-47B6-A68D-7590B98EB39B}
		{07779EB4-F981-86DC-9E4E-238FDCEB2A6D} = {0C88DD14-F956-CE84-757C-A364CCF449FC}
		{6EF84BE6-6C89-C991-31AA-38B5118283B1} = {0C88DD14-F956-CE84-757C-A364CCF449FC}
		{0C0601E2-AB9E-494A-2B5D-84D2A8787470} = {0C88DD14-F956-CE84-757C-A364CCF449FC}
		{B00604D6-BE82-0890-CFB0-C0B562ACD986} = {827E0CD3-B72D-47B6-A68D-7590B98EB39B}
		{A908E715-5D8C-4681-B4A7-5158E6D52AAA} = {827E0CD3-B72D-47B6-A68D-7590B98EB39B}
		{76E5A2A7-A5B4-A4E6-5C4A-372B5736ADFE} = {827E0CD3-B72D-47B6-A68D-7590B98EB39B}
	EndGlobalSection
	GlobalSection(ExtensibilityGlobals) = postSolution
		SolutionGuid = {614D5EC8-6154-4198-BA52-EA5CCAFCE1A3}
	EndGlobalSection
EndGlobal
